
Microsoft Visual Studio Solution File, Format Version 12.00
# Visual Studio Version 17
VisualStudioVersion = 17.5.002.0
MinimumVisualStudioVersion = 10.0.40219.1
Project("{9A19103F-16F7-4668-BE54-9A1E7A4F7556}") = "demo-projects", "demo-projects.csproj", "{217070F5-6111-45E8-A71D-65CA983AA06B}"
EndProject
Global
	GlobalSection(SolutionConfigurationPlatforms) = preSolution
		Debug|Any CPU = Debug|Any CPU
		Release|Any CPU = Release|Any CPU
	EndGlobalSection
	GlobalSection(ProjectConfigurationPlatforms) = postSolution
		{217070F5-6111-45E8-A71D-65CA983AA06B}.Debug|Any CPU.ActiveCfg = Debug|Any CPU
		{217070F5-6111-45E8-A71D-65CA983AA06B}.Debug|Any CPU.Build.0 = Debug|Any CPU
		{217070F5-6111-45E8-A71D-65CA983AA06B}.Release|Any CPU.ActiveCfg = Release|Any CPU
		{217070F5-6111-45E8-A71D-65CA983AA06B}.Release|Any CPU.Build.0 = Release|Any CPU
	EndGlobalSection
	GlobalSection(SolutionProperties) = preSolution
		HideSolutionNode = FALSE
	EndGlobalSection
	GlobalSection(ExtensibilityGlobals) = postSolution
		SolutionGuid = {823416B2-9D9F-44F6-809D-15B6611DDE90}
	EndGlobalSection
EndGlobal
